// !$*UTF8*$!
{
	archiveVersion = 1;
	classes = {
	};
	objectVersion = 50;
	objects = {

/* Begin PBXBuildFile section */
		570661F0232AD98B00653D01 /* AppDelegate.swift in Sources */ = {isa = PBXBuildFile; fileRef = 570661EF232AD98B00653D01 /* AppDelegate.swift */; };
		570661F2232AD98B00653D01 /* ViewController1.swift in Sources */ = {isa = PBXBuildFile; fileRef = 570661F1232AD98B00653D01 /* ViewController1.swift */; };
		570661F5232AD98B00653D01 /* Main.storyboard in Resources */ = {isa = PBXBuildFile; fileRef = 570661F3232AD98B00653D01 /* Main.storyboard */; };
		570661F8232AD98B00653D01 /* Buks_App.xcdatamodeld in Sources */ = {isa = PBXBuildFile; fileRef = 570661F6232AD98B00653D01 /* Buks_App.xcdatamodeld */; };
		570661FA232AD98D00653D01 /* Assets.xcassets in Resources */ = {isa = PBXBuildFile; fileRef = 570661F9232AD98D00653D01 /* Assets.xcassets */; };
		570661FD232AD98D00653D01 /* LaunchScreen.storyboard in Resources */ = {isa = PBXBuildFile; fileRef = 570661FB232AD98D00653D01 /* LaunchScreen.storyboard */; };
		5707B4412333FA5600EEA65E /* Service.swift in Sources */ = {isa = PBXBuildFile; fileRef = 5707B4402333FA5600EEA65E /* Service.swift */; };
		5707B4442333FA8A00EEA65E /* User.swift in Sources */ = {isa = PBXBuildFile; fileRef = 5707B4432333FA8A00EEA65E /* User.swift */; };
		5707B4462333FA9A00EEA65E /* BookAPI.swift in Sources */ = {isa = PBXBuildFile; fileRef = 5707B4452333FA9A00EEA65E /* BookAPI.swift */; };
		5707B4482333FBD000EEA65E /* Book.swift in Sources */ = {isa = PBXBuildFile; fileRef = 5707B4472333FBD000EEA65E /* Book.swift */; };
		5707B44A23340F5A00EEA65E /* BooksCollectionView.swift in Sources */ = {isa = PBXBuildFile; fileRef = 5707B44923340F5A00EEA65E /* BooksCollectionView.swift */; };
		5718B1982331606800CF5A19 /* HomeViewController.swift in Sources */ = {isa = PBXBuildFile; fileRef = 5718B1972331606800CF5A19 /* HomeViewController.swift */; };
		5718B19A2331627E00CF5A19 /* Welcome.storyboard in Resources */ = {isa = PBXBuildFile; fileRef = 5718B1992331627E00CF5A19 /* Welcome.storyboard */; };
		5727AD252332CA3800C15AFA /* MainTableViewCell.swift in Sources */ = {isa = PBXBuildFile; fileRef = 5727AD242332CA3800C15AFA /* MainTableViewCell.swift */; };
		5727AD272332CA7700C15AFA /* InsideCollectionViewCell.swift in Sources */ = {isa = PBXBuildFile; fileRef = 5727AD262332CA7700C15AFA /* InsideCollectionViewCell.swift */; };
		5727AD292332CAA200C15AFA /* PaddingLabel.swift in Sources */ = {isa = PBXBuildFile; fileRef = 5727AD282332CAA200C15AFA /* PaddingLabel.swift */; };
		575A954723395D6600CAEC90 /* NewBookViewController.swift in Sources */ = {isa = PBXBuildFile; fileRef = 575A954623395D6600CAEC90 /* NewBookViewController.swift */; };
		575A9549233967DC00CAEC90 /* AddBookTableViewController.swift in Sources */ = {isa = PBXBuildFile; fileRef = 575A9548233967DC00CAEC90 /* AddBookTableViewController.swift */; };
		576B00D12330161700638847 /* LoginViewController.swift in Sources */ = {isa = PBXBuildFile; fileRef = 576B00D02330161700638847 /* LoginViewController.swift */; };
		576B338C2335492100ECD0F4 /* SearchBarViewController.swift in Sources */ = {isa = PBXBuildFile; fileRef = 576B338B2335492100ECD0F4 /* SearchBarViewController.swift */; };
		577FEBD6233A8B5F00425E77 /* UserViewController.swift in Sources */ = {isa = PBXBuildFile; fileRef = 577FEBD5233A8B5F00425E77 /* UserViewController.swift */; };
		577FEBD8233AAB6D00425E77 /* CaptureViewController.swift in Sources */ = {isa = PBXBuildFile; fileRef = 577FEBD7233AAB6D00425E77 /* CaptureViewController.swift */; };
		577FEBDA233AB5FE00425E77 /* ReviewsBookTableViewCell.swift in Sources */ = {isa = PBXBuildFile; fileRef = 577FEBD9233AB5FE00425E77 /* ReviewsBookTableViewCell.swift */; };
		579CF440233BEA87009D131B /* ServiceUser.swift in Sources */ = {isa = PBXBuildFile; fileRef = 579CF43F233BEA87009D131B /* ServiceUser.swift */; };
		57B75AC6233C04F700F5B88A /* UserCD.xcdatamodeld in Sources */ = {isa = PBXBuildFile; fileRef = 57B75AC4233C04F700F5B88A /* UserCD.xcdatamodeld */; };
		57BBE912232C2262003FC13E /* ViewController2.swift in Sources */ = {isa = PBXBuildFile; fileRef = 57BBE911232C2262003FC13E /* ViewController2.swift */; };
		57BBE914232C2284003FC13E /* ViewController3.swift in Sources */ = {isa = PBXBuildFile; fileRef = 57BBE913232C2284003FC13E /* ViewController3.swift */; };
		57BBE916232C2415003FC13E /* PageViewController.swift in Sources */ = {isa = PBXBuildFile; fileRef = 57BBE915232C2415003FC13E /* PageViewController.swift */; };
		57CD60462331570500BF2FBB /* Constructor.swift in Sources */ = {isa = PBXBuildFile; fileRef = 57CD60452331570500BF2FBB /* Constructor.swift */; };
		57EF83EC23393850007DFFB1 /* BookViewController.swift in Sources */ = {isa = PBXBuildFile; fileRef = 57EF83EB23393850007DFFB1 /* BookViewController.swift */; };
/* End PBXBuildFile section */

/* Begin PBXFileReference section */
		570661EC232AD98B00653D01 /* Buks App.app */ = {isa = PBXFileReference; explicitFileType = wrapper.application; includeInIndex = 0; path = "Buks App.app"; sourceTree = BUILT_PRODUCTS_DIR; };
		570661EF232AD98B00653D01 /* AppDelegate.swift */ = {isa = PBXFileReference; lastKnownFileType = sourcecode.swift; path = AppDelegate.swift; sourceTree = "<group>"; };
		570661F1232AD98B00653D01 /* ViewController1.swift */ = {isa = PBXFileReference; lastKnownFileType = sourcecode.swift; path = ViewController1.swift; sourceTree = "<group>"; };
		570661F4232AD98B00653D01 /* Base */ = {isa = PBXFileReference; lastKnownFileType = file.storyboard; name = Base; path = Base.lproj/Main.storyboard; sourceTree = "<group>"; };
		570661F7232AD98B00653D01 /* Buks_App.xcdatamodel */ = {isa = PBXFileReference; lastKnownFileType = wrapper.xcdatamodel; path = Buks_App.xcdatamodel; sourceTree = "<group>"; };
		570661F9232AD98D00653D01 /* Assets.xcassets */ = {isa = PBXFileReference; lastKnownFileType = folder.assetcatalog; path = Assets.xcassets; sourceTree = "<group>"; };
		570661FC232AD98D00653D01 /* Base */ = {isa = PBXFileReference; lastKnownFileType = file.storyboard; name = Base; path = Base.lproj/LaunchScreen.storyboard; sourceTree = "<group>"; };
		570661FE232AD98D00653D01 /* Info.plist */ = {isa = PBXFileReference; lastKnownFileType = text.plist.xml; path = Info.plist; sourceTree = "<group>"; };
		5707B4402333FA5600EEA65E /* Service.swift */ = {isa = PBXFileReference; lastKnownFileType = sourcecode.swift; path = Service.swift; sourceTree = "<group>"; };
		5707B4432333FA8A00EEA65E /* User.swift */ = {isa = PBXFileReference; lastKnownFileType = sourcecode.swift; path = User.swift; sourceTree = "<group>"; };
		5707B4452333FA9A00EEA65E /* BookAPI.swift */ = {isa = PBXFileReference; lastKnownFileType = sourcecode.swift; path = BookAPI.swift; sourceTree = "<group>"; };
		5707B4472333FBD000EEA65E /* Book.swift */ = {isa = PBXFileReference; lastKnownFileType = sourcecode.swift; path = Book.swift; sourceTree = "<group>"; };
		5707B44923340F5A00EEA65E /* BooksCollectionView.swift */ = {isa = PBXFileReference; lastKnownFileType = sourcecode.swift; path = BooksCollectionView.swift; sourceTree = "<group>"; };
		5718B1972331606800CF5A19 /* HomeViewController.swift */ = {isa = PBXFileReference; lastKnownFileType = sourcecode.swift; path = HomeViewController.swift; sourceTree = "<group>"; };
		5718B1992331627E00CF5A19 /* Welcome.storyboard */ = {isa = PBXFileReference; lastKnownFileType = file.storyboard; path = Welcome.storyboard; sourceTree = "<group>"; };
		5727AD242332CA3800C15AFA /* MainTableViewCell.swift */ = {isa = PBXFileReference; lastKnownFileType = sourcecode.swift; path = MainTableViewCell.swift; sourceTree = "<group>"; };
		5727AD262332CA7700C15AFA /* InsideCollectionViewCell.swift */ = {isa = PBXFileReference; lastKnownFileType = sourcecode.swift; path = InsideCollectionViewCell.swift; sourceTree = "<group>"; };
		5727AD282332CAA200C15AFA /* PaddingLabel.swift */ = {isa = PBXFileReference; lastKnownFileType = sourcecode.swift; path = PaddingLabel.swift; sourceTree = "<group>"; };
		575A954623395D6600CAEC90 /* NewBookViewController.swift */ = {isa = PBXFileReference; lastKnownFileType = sourcecode.swift; path = NewBookViewController.swift; sourceTree = "<group>"; };
		575A9548233967DC00CAEC90 /* AddBookTableViewController.swift */ = {isa = PBXFileReference; lastKnownFileType = sourcecode.swift; path = AddBookTableViewController.swift; sourceTree = "<group>"; };
		576B00D02330161700638847 /* LoginViewController.swift */ = {isa = PBXFileReference; lastKnownFileType = sourcecode.swift; path = LoginViewController.swift; sourceTree = "<group>"; };
		576B338B2335492100ECD0F4 /* SearchBarViewController.swift */ = {isa = PBXFileReference; lastKnownFileType = sourcecode.swift; path = SearchBarViewController.swift; sourceTree = "<group>"; };
		577FEBD5233A8B5F00425E77 /* UserViewController.swift */ = {isa = PBXFileReference; lastKnownFileType = sourcecode.swift; path = UserViewController.swift; sourceTree = "<group>"; };
		577FEBD7233AAB6D00425E77 /* CaptureViewController.swift */ = {isa = PBXFileReference; lastKnownFileType = sourcecode.swift; path = CaptureViewController.swift; sourceTree = "<group>"; };
		577FEBD9233AB5FE00425E77 /* ReviewsBookTableViewCell.swift */ = {isa = PBXFileReference; lastKnownFileType = sourcecode.swift; path = ReviewsBookTableViewCell.swift; sourceTree = "<group>"; };
		579CF43F233BEA87009D131B /* ServiceUser.swift */ = {isa = PBXFileReference; lastKnownFileType = sourcecode.swift; path = ServiceUser.swift; sourceTree = "<group>"; };
		57B75AC5233C04F700F5B88A /* UserCD.xcdatamodel */ = {isa = PBXFileReference; lastKnownFileType = wrapper.xcdatamodel; path = UserCD.xcdatamodel; sourceTree = "<group>"; };
		57BBE911232C2262003FC13E /* ViewController2.swift */ = {isa = PBXFileReference; lastKnownFileType = sourcecode.swift; path = ViewController2.swift; sourceTree = "<group>"; };
		57BBE913232C2284003FC13E /* ViewController3.swift */ = {isa = PBXFileReference; lastKnownFileType = sourcecode.swift; path = ViewController3.swift; sourceTree = "<group>"; };
		57BBE915232C2415003FC13E /* PageViewController.swift */ = {isa = PBXFileReference; lastKnownFileType = sourcecode.swift; path = PageViewController.swift; sourceTree = "<group>"; };
		57CD60452331570500BF2FBB /* Constructor.swift */ = {isa = PBXFileReference; lastKnownFileType = sourcecode.swift; path = Constructor.swift; sourceTree = "<group>"; };
		57EF83EB23393850007DFFB1 /* BookViewController.swift */ = {isa = PBXFileReference; lastKnownFileType = sourcecode.swift; path = BookViewController.swift; sourceTree = "<group>"; };
/* End PBXFileReference section */

/* Begin PBXFrameworksBuildPhase section */
		570661E9232AD98B00653D01 /* Frameworks */ = {
			isa = PBXFrameworksBuildPhase;
			buildActionMask = 2147483647;
			files = (
			);
			runOnlyForDeploymentPostprocessing = 0;
		};
/* End PBXFrameworksBuildPhase section */

/* Begin PBXGroup section */
		570661E3232AD98B00653D01 = {
			isa = PBXGroup;
			children = (
				570661EE232AD98B00653D01 /* Buks App */,
				570661ED232AD98B00653D01 /* Products */,
			);
			sourceTree = "<group>";
		};
		570661ED232AD98B00653D01 /* Products */ = {
			isa = PBXGroup;
			children = (
				570661EC232AD98B00653D01 /* Buks App.app */,
			);
			name = Products;
			sourceTree = "<group>";
		};
		570661EE232AD98B00653D01 /* Buks App */ = {
			isa = PBXGroup;
			children = (
				57B75AC3233C04D400F5B88A /* CoreDataModels */,
				5707B44B23340F7D00EEA65E /* View */,
				5707B4422333FA7900EEA65E /* Model */,
				5727AD232332C9DC00C15AFA /* Storyboards */,
				5727AD222332C9A400C15AFA /* Controllers */,
				570661EF232AD98B00653D01 /* AppDelegate.swift */,
				570661F9232AD98D00653D01 /* Assets.xcassets */,
				570661FB232AD98D00653D01 /* LaunchScreen.storyboard */,
				570661FE232AD98D00653D01 /* Info.plist */,
				570661F6232AD98B00653D01 /* Buks_App.xcdatamodeld */,
				57CD60452331570500BF2FBB /* Constructor.swift */,
				5707B4402333FA5600EEA65E /* Service.swift */,
				579CF43F233BEA87009D131B /* ServiceUser.swift */,
			);
			path = "Buks App";
			sourceTree = "<group>";
		};
		5707B4422333FA7900EEA65E /* Model */ = {
			isa = PBXGroup;
			children = (
				5707B4432333FA8A00EEA65E /* User.swift */,
				5707B4452333FA9A00EEA65E /* BookAPI.swift */,
				5707B4472333FBD000EEA65E /* Book.swift */,
			);
			path = Model;
			sourceTree = "<group>";
		};
		5707B44B23340F7D00EEA65E /* View */ = {
			isa = PBXGroup;
			children = (
				5727AD242332CA3800C15AFA /* MainTableViewCell.swift */,
				5727AD282332CAA200C15AFA /* PaddingLabel.swift */,
				5727AD262332CA7700C15AFA /* InsideCollectionViewCell.swift */,
				5707B44923340F5A00EEA65E /* BooksCollectionView.swift */,
				577FEBD9233AB5FE00425E77 /* ReviewsBookTableViewCell.swift */,
			);
			path = View;
			sourceTree = "<group>";
		};
		5727AD222332C9A400C15AFA /* Controllers */ = {
			isa = PBXGroup;
			children = (
				576B338B2335492100ECD0F4 /* SearchBarViewController.swift */,
				57BBE915232C2415003FC13E /* PageViewController.swift */,
				576B00D02330161700638847 /* LoginViewController.swift */,
				5718B1972331606800CF5A19 /* HomeViewController.swift */,
				57BBE913232C2284003FC13E /* ViewController3.swift */,
				57BBE911232C2262003FC13E /* ViewController2.swift */,
				570661F1232AD98B00653D01 /* ViewController1.swift */,
				57EF83EB23393850007DFFB1 /* BookViewController.swift */,
				575A954623395D6600CAEC90 /* NewBookViewController.swift */,
				575A9548233967DC00CAEC90 /* AddBookTableViewController.swift */,
				577FEBD5233A8B5F00425E77 /* UserViewController.swift */,
				577FEBD7233AAB6D00425E77 /* CaptureViewController.swift */,
			);
			path = Controllers;
			sourceTree = "<group>";
		};
		5727AD232332C9DC00C15AFA /* Storyboards */ = {
			isa = PBXGroup;
			children = (
				5718B1992331627E00CF5A19 /* Welcome.storyboard */,
				570661F3232AD98B00653D01 /* Main.storyboard */,
			);
			path = Storyboards;
			sourceTree = "<group>";
		};
		57B75AC3233C04D400F5B88A /* CoreDataModels */ = {
			isa = PBXGroup;
			children = (
				57B75AC4233C04F700F5B88A /* UserCD.xcdatamodeld */,
			);
			path = CoreDataModels;
			sourceTree = "<group>";
		};
/* End PBXGroup section */

/* Begin PBXNativeTarget section */
		570661EB232AD98B00653D01 /* Buks App */ = {
			isa = PBXNativeTarget;
			buildConfigurationList = 57066201232AD98D00653D01 /* Build configuration list for PBXNativeTarget "Buks App" */;
			buildPhases = (
				570661E8232AD98B00653D01 /* Sources */,
				570661E9232AD98B00653D01 /* Frameworks */,
				570661EA232AD98B00653D01 /* Resources */,
			);
			buildRules = (
			);
			dependencies = (
			);
			name = "Buks App";
			productName = "Buks App";
			productReference = 570661EC232AD98B00653D01 /* Buks App.app */;
			productType = "com.apple.product-type.application";
		};
/* End PBXNativeTarget section */

/* Begin PBXProject section */
		570661E4232AD98B00653D01 /* Project object */ = {
			isa = PBXProject;
			attributes = {
				LastSwiftUpdateCheck = 1030;
				LastUpgradeCheck = 1030;
				ORGANIZATIONNAME = Carlos;
				TargetAttributes = {
					570661EB232AD98B00653D01 = {
						CreatedOnToolsVersion = 10.3;
					};
				};
			};
			buildConfigurationList = 570661E7232AD98B00653D01 /* Build configuration list for PBXProject "Buks App" */;
			compatibilityVersion = "Xcode 9.3";
			developmentRegion = en;
			hasScannedForEncodings = 0;
			knownRegions = (
				en,
				Base,
			);
			mainGroup = 570661E3232AD98B00653D01;
			productRefGroup = 570661ED232AD98B00653D01 /* Products */;
			projectDirPath = "";
			projectRoot = "";
			targets = (
				570661EB232AD98B00653D01 /* Buks App */,
			);
		};
/* End PBXProject section */

/* Begin PBXResourcesBuildPhase section */
		570661EA232AD98B00653D01 /* Resources */ = {
			isa = PBXResourcesBuildPhase;
			buildActionMask = 2147483647;
			files = (
				570661FD232AD98D00653D01 /* LaunchScreen.storyboard in Resources */,
				5718B19A2331627E00CF5A19 /* Welcome.storyboard in Resources */,
				570661FA232AD98D00653D01 /* Assets.xcassets in Resources */,
				570661F5232AD98B00653D01 /* Main.storyboard in Resources */,
			);
			runOnlyForDeploymentPostprocessing = 0;
		};
/* End PBXResourcesBuildPhase section */

/* Begin PBXSourcesBuildPhase section */
		570661E8232AD98B00653D01 /* Sources */ = {
			isa = PBXSourcesBuildPhase;
			buildActionMask = 2147483647;
			files = (
				5707B4482333FBD000EEA65E /* Book.swift in Sources */,
				5727AD292332CAA200C15AFA /* PaddingLabel.swift in Sources */,
				5707B4412333FA5600EEA65E /* Service.swift in Sources */,
				577FEBD6233A8B5F00425E77 /* UserViewController.swift in Sources */,
				577FEBDA233AB5FE00425E77 /* ReviewsBookTableViewCell.swift in Sources */,
				576B00D12330161700638847 /* LoginViewController.swift in Sources */,
				575A9549233967DC00CAEC90 /* AddBookTableViewController.swift in Sources */,
				57BBE914232C2284003FC13E /* ViewController3.swift in Sources */,
				577FEBD8233AAB6D00425E77 /* CaptureViewController.swift in Sources */,
				57B75AC6233C04F700F5B88A /* UserCD.xcdatamodeld in Sources */,
				57CD60462331570500BF2FBB /* Constructor.swift in Sources */,
				570661F2232AD98B00653D01 /* ViewController1.swift in Sources */,
				5707B4442333FA8A00EEA65E /* User.swift in Sources */,
				579CF440233BEA87009D131B /* ServiceUser.swift in Sources */,
				5727AD252332CA3800C15AFA /* MainTableViewCell.swift in Sources */,
				5707B4462333FA9A00EEA65E /* BookAPI.swift in Sources */,
				57BBE912232C2262003FC13E /* ViewController2.swift in Sources */,
				5718B1982331606800CF5A19 /* HomeViewController.swift in Sources */,
				57EF83EC23393850007DFFB1 /* BookViewController.swift in Sources */,
				5707B44A23340F5A00EEA65E /* BooksCollectionView.swift in Sources */,
				57BBE916232C2415003FC13E /* PageViewController.swift in Sources */,
				576B338C2335492100ECD0F4 /* SearchBarViewController.swift in Sources */,
				570661F8232AD98B00653D01 /* Buks_App.xcdatamodeld in Sources */,
				570661F0232AD98B00653D01 /* AppDelegate.swift in Sources */,
				575A954723395D6600CAEC90 /* NewBookViewController.swift in Sources */,
				5727AD272332CA7700C15AFA /* InsideCollectionViewCell.swift in Sources */,
			);
			runOnlyForDeploymentPostprocessing = 0;
		};
/* End PBXSourcesBuildPhase section */

/* Begin PBXVariantGroup section */
		570661F3232AD98B00653D01 /* Main.storyboard */ = {
			isa = PBXVariantGroup;
			children = (
				570661F4232AD98B00653D01 /* Base */,
			);
			name = Main.storyboard;
			sourceTree = "<group>";
		};
		570661FB232AD98D00653D01 /* LaunchScreen.storyboard */ = {
			isa = PBXVariantGroup;
			children = (
				570661FC232AD98D00653D01 /* Base */,
			);
			name = LaunchScreen.storyboard;
			sourceTree = "<group>";
		};
/* End PBXVariantGroup section */

/* Begin XCBuildConfiguration section */
		570661FF232AD98D00653D01 /* Debug */ = {
			isa = XCBuildConfiguration;
			buildSettings = {
				ALWAYS_SEARCH_USER_PATHS = NO;
				CLANG_ANALYZER_NONNULL = YES;
				CLANG_ANALYZER_NUMBER_OBJECT_CONVERSION = YES_AGGRESSIVE;
				CLANG_CXX_LANGUAGE_STANDARD = "gnu++14";
				CLANG_CXX_LIBRARY = "libc++";
				CLANG_ENABLE_MODULES = YES;
				CLANG_ENABLE_OBJC_ARC = YES;
				CLANG_ENABLE_OBJC_WEAK = YES;
				CLANG_WARN_BLOCK_CAPTURE_AUTORELEASING = YES;
				CLANG_WARN_BOOL_CONVERSION = YES;
				CLANG_WARN_COMMA = YES;
				CLANG_WARN_CONSTANT_CONVERSION = YES;
				CLANG_WARN_DEPRECATED_OBJC_IMPLEMENTATIONS = YES;
				CLANG_WARN_DIRECT_OBJC_ISA_USAGE = YES_ERROR;
				CLANG_WARN_DOCUMENTATION_COMMENTS = YES;
				CLANG_WARN_EMPTY_BODY = YES;
				CLANG_WARN_ENUM_CONVERSION = YES;
				CLANG_WARN_INFINITE_RECURSION = YES;
				CLANG_WARN_INT_CONVERSION = YES;
				CLANG_WARN_NON_LITERAL_NULL_CONVERSION = YES;
				CLANG_WARN_OBJC_IMPLICIT_RETAIN_SELF = YES;
				CLANG_WARN_OBJC_LITERAL_CONVERSION = YES;
				CLANG_WARN_OBJC_ROOT_CLASS = YES_ERROR;
				CLANG_WARN_RANGE_LOOP_ANALYSIS = YES;
				CLANG_WARN_STRICT_PROTOTYPES = YES;
				CLANG_WARN_SUSPICIOUS_MOVE = YES;
				CLANG_WARN_UNGUARDED_AVAILABILITY = YES_AGGRESSIVE;
				CLANG_WARN_UNREACHABLE_CODE = YES;
				CLANG_WARN__DUPLICATE_METHOD_MATCH = YES;
				CODE_SIGN_IDENTITY = "iPhone Developer";
				COPY_PHASE_STRIP = NO;
				DEBUG_INFORMATION_FORMAT = dwarf;
				ENABLE_STRICT_OBJC_MSGSEND = YES;
				ENABLE_TESTABILITY = YES;
				GCC_C_LANGUAGE_STANDARD = gnu11;
				GCC_DYNAMIC_NO_PIC = NO;
				GCC_NO_COMMON_BLOCKS = YES;
				GCC_OPTIMIZATION_LEVEL = 0;
				GCC_PREPROCESSOR_DEFINITIONS = (
					"DEBUG=1",
					"$(inherited)",
				);
				GCC_WARN_64_TO_32_BIT_CONVERSION = YES;
				GCC_WARN_ABOUT_RETURN_TYPE = YES_ERROR;
				GCC_WARN_UNDECLARED_SELECTOR = YES;
				GCC_WARN_UNINITIALIZED_AUTOS = YES_AGGRESSIVE;
				GCC_WARN_UNUSED_FUNCTION = YES;
				GCC_WARN_UNUSED_VARIABLE = YES;
				IPHONEOS_DEPLOYMENT_TARGET = 11.4;
				MTL_ENABLE_DEBUG_INFO = INCLUDE_SOURCE;
				MTL_FAST_MATH = YES;
				ONLY_ACTIVE_ARCH = YES;
				SDKROOT = iphoneos;
				SWIFT_ACTIVE_COMPILATION_CONDITIONS = DEBUG;
				SWIFT_OPTIMIZATION_LEVEL = "-Onone";
			};
			name = Debug;
		};
		57066200232AD98D00653D01 /* Release */ = {
			isa = XCBuildConfiguration;
			buildSettings = {
				ALWAYS_SEARCH_USER_PATHS = NO;
				CLANG_ANALYZER_NONNULL = YES;
				CLANG_ANALYZER_NUMBER_OBJECT_CONVERSION = YES_AGGRESSIVE;
				CLANG_CXX_LANGUAGE_STANDARD = "gnu++14";
				CLANG_CXX_LIBRARY = "libc++";
				CLANG_ENABLE_MODULES = YES;
				CLANG_ENABLE_OBJC_ARC = YES;
				CLANG_ENABLE_OBJC_WEAK = YES;
				CLANG_WARN_BLOCK_CAPTURE_AUTORELEASING = YES;
				CLANG_WARN_BOOL_CONVERSION = YES;
				CLANG_WARN_COMMA = YES;
				CLANG_WARN_CONSTANT_CONVERSION = YES;
				CLANG_WARN_DEPRECATED_OBJC_IMPLEMENTATIONS = YES;
				CLANG_WARN_DIRECT_OBJC_ISA_USAGE = YES_ERROR;
				CLANG_WARN_DOCUMENTATION_COMMENTS = YES;
				CLANG_WARN_EMPTY_BODY = YES;
				CLANG_WARN_ENUM_CONVERSION = YES;
				CLANG_WARN_INFINITE_RECURSION = YES;
				CLANG_WARN_INT_CONVERSION = YES;
				CLANG_WARN_NON_LITERAL_NULL_CONVERSION = YES;
				CLANG_WARN_OBJC_IMPLICIT_RETAIN_SELF = YES;
				CLANG_WARN_OBJC_LITERAL_CONVERSION = YES;
				CLANG_WARN_OBJC_ROOT_CLASS = YES_ERROR;
				CLANG_WARN_RANGE_LOOP_ANALYSIS = YES;
				CLANG_WARN_STRICT_PROTOTYPES = YES;
				CLANG_WARN_SUSPICIOUS_MOVE = YES;
				CLANG_WARN_UNGUARDED_AVAILABILITY = YES_AGGRESSIVE;
				CLANG_WARN_UNREACHABLE_CODE = YES;
				CLANG_WARN__DUPLICATE_METHOD_MATCH = YES;
				CODE_SIGN_IDENTITY = "iPhone Developer";
				COPY_PHASE_STRIP = NO;
				DEBUG_INFORMATION_FORMAT = "dwarf-with-dsym";
				ENABLE_NS_ASSERTIONS = NO;
				ENABLE_STRICT_OBJC_MSGSEND = YES;
				GCC_C_LANGUAGE_STANDARD = gnu11;
				GCC_NO_COMMON_BLOCKS = YES;
				GCC_WARN_64_TO_32_BIT_CONVERSION = YES;
				GCC_WARN_ABOUT_RETURN_TYPE = YES_ERROR;
				GCC_WARN_UNDECLARED_SELECTOR = YES;
				GCC_WARN_UNINITIALIZED_AUTOS = YES_AGGRESSIVE;
				GCC_WARN_UNUSED_FUNCTION = YES;
				GCC_WARN_UNUSED_VARIABLE = YES;
				IPHONEOS_DEPLOYMENT_TARGET = 11.4;
				MTL_ENABLE_DEBUG_INFO = NO;
				MTL_FAST_MATH = YES;
				SDKROOT = iphoneos;
				SWIFT_COMPILATION_MODE = wholemodule;
				SWIFT_OPTIMIZATION_LEVEL = "-O";
				VALIDATE_PRODUCT = YES;
			};
			name = Release;
		};
		57066202232AD98D00653D01 /* Debug */ = {
			isa = XCBuildConfiguration;
			buildSettings = {
				ASSETCATALOG_COMPILER_APPICON_NAME = AppIcon;
				CODE_SIGN_STYLE = Automatic;
				DEVELOPMENT_TEAM = J5A9TSVLLY;
				INFOPLIST_FILE = "Buks App/Info.plist";
				IPHONEOS_DEPLOYMENT_TARGET = 11.4;
				LD_RUNPATH_SEARCH_PATHS = (
					"$(inherited)",
					"@executable_path/Frameworks",
				);
				PRODUCT_BUNDLE_IDENTIFIER = "test.Buks-App";
				PRODUCT_NAME = "$(TARGET_NAME)";
				SWIFT_VERSION = 5.0;
				TARGETED_DEVICE_FAMILY = "1,2";
			};
			name = Debug;
		};
		57066203232AD98D00653D01 /* Release */ = {
			isa = XCBuildConfiguration;
			buildSettings = {
				ASSETCATALOG_COMPILER_APPICON_NAME = AppIcon;
				CODE_SIGN_STYLE = Automatic;
				DEVELOPMENT_TEAM = J5A9TSVLLY;
				INFOPLIST_FILE = "Buks App/Info.plist";
				IPHONEOS_DEPLOYMENT_TARGET = 11.4;
				LD_RUNPATH_SEARCH_PATHS = (
					"$(inherited)",
					"@executable_path/Frameworks",
				);
				PRODUCT_BUNDLE_IDENTIFIER = "test.Buks-App";
				PRODUCT_NAME = "$(TARGET_NAME)";
				SWIFT_VERSION = 5.0;
				TARGETED_DEVICE_FAMILY = "1,2";
			};
			name = Release;
		};
/* End XCBuildConfiguration section */

/* Begin XCConfigurationList section */
		570661E7232AD98B00653D01 /* Build configuration list for PBXProject "Buks App" */ = {
			isa = XCConfigurationList;
			buildConfigurations = (
				570661FF232AD98D00653D01 /* Debug */,
				57066200232AD98D00653D01 /* Release */,
			);
			defaultConfigurationIsVisible = 0;
			defaultConfigurationName = Release;
		};
		57066201232AD98D00653D01 /* Build configuration list for PBXNativeTarget "Buks App" */ = {
			isa = XCConfigurationList;
			buildConfigurations = (
				57066202232AD98D00653D01 /* Debug */,
				57066203232AD98D00653D01 /* Release */,
			);
			defaultConfigurationIsVisible = 0;
			defaultConfigurationName = Release;
		};
/* End XCConfigurationList section */

/* Begin XCVersionGroup section */
		570661F6232AD98B00653D01 /* Buks_App.xcdatamodeld */ = {
			isa = XCVersionGroup;
			children = (
				570661F7232AD98B00653D01 /* Buks_App.xcdatamodel */,
			);
			currentVersion = 570661F7232AD98B00653D01 /* Buks_App.xcdatamodel */;
			path = Buks_App.xcdatamodeld;
			sourceTree = "<group>";
			versionGroupType = wrapper.xcdatamodel;
		};
		57B75AC4233C04F700F5B88A /* UserCD.xcdatamodeld */ = {
			isa = XCVersionGroup;
			children = (
				57B75AC5233C04F700F5B88A /* UserCD.xcdatamodel */,
			);
			currentVersion = 57B75AC5233C04F700F5B88A /* UserCD.xcdatamodel */;
			path = UserCD.xcdatamodeld;
			sourceTree = "<group>";
			versionGroupType = wrapper.xcdatamodel;
		};
/* End XCVersionGroup section */
	};
	rootObject = 570661E4232AD98B00653D01 /* Project object */;
}
